
Microsoft Visual Studio Solution File, Format Version 12.00
# Visual Studio Version 16
VisualStudioVersion = 16.0.29806.167
MinimumVisualStudioVersion = 10.0.40219.1
Project("{FAE04EC0-301F-11D3-BF4B-00C04F79EFBC}") = "Funcular.IdGenerators.SqlServer", "Funcular.IdGenerators.SqlServer\Funcular.IdGenerators.SqlServer.csproj", "{348B9ECC-2E52-41A6-AA81-FF877E53EFC0}"
EndProject
Project("{FAE04EC0-301F-11D3-BF4B-00C04F79EFBC}") = "Funcular.IdGenerators.SqlServer.Tests", "Funcular.IdGenerators.SqlServer.Tests\Funcular.IdGenerators.SqlServer.Tests.csproj", "{70565489-C904-49A1-ACBD-706E5B24D0D2}"
EndProject
Global
	GlobalSection(SolutionConfigurationPlatforms) = preSolution
		Debug|Any CPU = Debug|Any CPU
		Release|Any CPU = Release|Any CPU
	EndGlobalSection
	GlobalSection(ProjectConfigurationPlatforms) = postSolution
		{348B9ECC-2E52-41A6-AA81-FF877E53EFC0}.Debug|Any CPU.ActiveCfg = Debug|Any CPU
		{348B9ECC-2E52-41A6-AA81-FF877E53EFC0}.Debug|Any CPU.Build.0 = Debug|Any CPU
		{348B9ECC-2E52-41A6-AA81-FF877E53EFC0}.Release|Any CPU.ActiveCfg = Release|Any CPU
		{348B9ECC-2E52-41A6-AA81-FF877E53EFC0}.Release|Any CPU.Build.0 = Release|Any CPU
		{70565489-C904-49A1-ACBD-706E5B24D0D2}.Debug|Any CPU.ActiveCfg = Debug|Any CPU
		{70565489-C904-49A1-ACBD-706E5B24D0D2}.Debug|Any CPU.Build.0 = Debug|Any CPU
		{70565489-C904-49A1-ACBD-706E5B24D0D2}.Release|Any CPU.ActiveCfg = Release|Any CPU
		{70565489-C904-49A1-ACBD-706E5B24D0D2}.Release|Any CPU.Build.0 = Release|Any CPU
	EndGlobalSection
	GlobalSection(SolutionProperties) = preSolution
		HideSolutionNode = FALSE
	EndGlobalSection
	GlobalSection(ExtensibilityGlobals) = postSolution
		SolutionGuid = {1F2041E8-D5D6-4B1B-81C2-50EB567EF982}
	EndGlobalSection
EndGlobal
